{
  "name": "JexConnect",
  "requires": true,
  "lockfileVersion": 1,
  "dependencies": {
    "croppie": {
      "version": "2.5.1",
      "resolved": "https://registry.npmjs.org/croppie/-/croppie-2.5.1.tgz",
      "integrity": "sha512-8QsuDg2/vGlNutBH2hcnxm4rZUpMe50HQFpU1q0MDetD1uT4qHHkS485e+u7wvCQflJjfBxBsWlQ9grGMOsmxg=="
    }
  }
}
